// !$*UTF8*$!
{
	archiveVersion = 1;
	classes = {
	};
	objectVersion = 56;
	objects = {

/* Begin PBXBuildFile section */
		CE1ED1B5295733CD005ABC18 /* AppDelegate.swift in Sources */ = {isa = PBXBuildFile; fileRef = CE1ED1B4295733CD005ABC18 /* AppDelegate.swift */; };
		CE1ED1B7295733CD005ABC18 /* SceneDelegate.swift in Sources */ = {isa = PBXBuildFile; fileRef = CE1ED1B6295733CD005ABC18 /* SceneDelegate.swift */; };
		CE1ED1B9295733CD005ABC18 /* ViewController.swift in Sources */ = {isa = PBXBuildFile; fileRef = CE1ED1B8295733CD005ABC18 /* ViewController.swift */; };
		CE1ED1BC295733CD005ABC18 /* Main.storyboard in Resources */ = {isa = PBXBuildFile; fileRef = CE1ED1BA295733CD005ABC18 /* Main.storyboard */; };
		CE1ED1BE295733CD005ABC18 /* Assets.xcassets in Resources */ = {isa = PBXBuildFile; fileRef = CE1ED1BD295733CD005ABC18 /* Assets.xcassets */; };
		CE1ED1C1295733CD005ABC18 /* LaunchScreen.storyboard in Resources */ = {isa = PBXBuildFile; fileRef = CE1ED1BF295733CD005ABC18 /* LaunchScreen.storyboard */; };
		CE1ED1CC295733CE005ABC18 /* NewAppTests.swift in Sources */ = {isa = PBXBuildFile; fileRef = CE1ED1CB295733CE005ABC18 /* NewAppTests.swift */; };
		CE1ED1D6295733CE005ABC18 /* NewAppUITests.swift in Sources */ = {isa = PBXBuildFile; fileRef = CE1ED1D5295733CE005ABC18 /* NewAppUITests.swift */; };
		CE1ED1D8295733CE005ABC18 /* NewAppUITestsLaunchTests.swift in Sources */ = {isa = PBXBuildFile; fileRef = CE1ED1D7295733CE005ABC18 /* NewAppUITestsLaunchTests.swift */; };
/* End PBXBuildFile section */

/* Begin PBXContainerItemProxy section */
		CE1ED1C8295733CE005ABC18 /* PBXContainerItemProxy */ = {
			isa = PBXContainerItemProxy;
			containerPortal = CE1ED1A9295733CD005ABC18 /* Project object */;
			proxyType = 1;
			remoteGlobalIDString = CE1ED1B0295733CD005ABC18;
			remoteInfo = NewApp;
		};
		CE1ED1D2295733CE005ABC18 /* PBXContainerItemProxy */ = {
			isa = PBXContainerItemProxy;
			containerPortal = CE1ED1A9295733CD005ABC18 /* Project object */;
			proxyType = 1;
			remoteGlobalIDString = CE1ED1B0295733CD005ABC18;
			remoteInfo = NewApp;
		};
/* End PBXContainerItemProxy section */

/* Begin PBXFileReference section */
		CE1ED1B1295733CD005ABC18 /* NewApp.app */ = {isa = PBXFileReference; explicitFileType = wrapper.application; includeInIndex = 0; path = NewApp.app; sourceTree = BUILT_PRODUCTS_DIR; };
		CE1ED1B4295733CD005ABC18 /* AppDelegate.swift */ = {isa = PBXFileReference; lastKnownFileType = sourcecode.swift; path = AppDelegate.swift; sourceTree = "<group>"; };
		CE1ED1B6295733CD005ABC18 /* SceneDelegate.swift */ = {isa = PBXFileReference; lastKnownFileType = sourcecode.swift; path = SceneDelegate.swift; sourceTree = "<group>"; };
		CE1ED1B8295733CD005ABC18 /* ViewController.swift */ = {isa = PBXFileReference; lastKnownFileType = sourcecode.swift; path = ViewController.swift; sourceTree = "<group>"; };
		CE1ED1BB295733CD005ABC18 /* Base */ = {isa = PBXFileReference; lastKnownFileType = file.storyboard; name = Base; path = Base.lproj/Main.storyboard; sourceTree = "<group>"; };
		CE1ED1BD295733CD005ABC18 /* Assets.xcassets */ = {isa = PBXFileReference; lastKnownFileType = folder.assetcatalog; path = Assets.xcassets; sourceTree = "<group>"; };
		CE1ED1C0295733CD005ABC18 /* Base */ = {isa = PBXFileReference; lastKnownFileType = file.storyboard; name = Base; path = Base.lproj/LaunchScreen.storyboard; sourceTree = "<group>"; };
		CE1ED1C2295733CD005ABC18 /* Info.plist */ = {isa = PBXFileReference; lastKnownFileType = text.plist.xml; path = Info.plist; sourceTree = "<group>"; };
		CE1ED1C7295733CE005ABC18 /* NewAppTests.xctest */ = {isa = PBXFileReference; explicitFileType = wrapper.cfbundle; includeInIndex = 0; path = NewAppTests.xctest; sourceTree = BUILT_PRODUCTS_DIR; };
		CE1ED1CB295733CE005ABC18 /* NewAppTests.swift */ = {isa = PBXFileReference; lastKnownFileType = sourcecode.swift; path = NewAppTests.swift; sourceTree = "<group>"; };
		CE1ED1D1295733CE005ABC18 /* NewAppUITests.xctest */ = {isa = PBXFileReference; explicitFileType = wrapper.cfbundle; includeInIndex = 0; path = NewAppUITests.xctest; sourceTree = BUILT_PRODUCTS_DIR; };
		CE1ED1D5295733CE005ABC18 /* NewAppUITests.swift */ = {isa = PBXFileReference; lastKnownFileType = sourcecode.swift; path = NewAppUITests.swift; sourceTree = "<group>"; };
		CE1ED1D7295733CE005ABC18 /* NewAppUITestsLaunchTests.swift */ = {isa = PBXFileReference; lastKnownFileType = sourcecode.swift; path = NewAppUITestsLaunchTests.swift; sourceTree = "<group>"; };
/* End PBXFileReference section */

/* Begin PBXFrameworksBuildPhase section */
		CE1ED1AE295733CD005ABC18 /* Frameworks */ = {
			isa = PBXFrameworksBuildPhase;
			buildActionMask = 2147483647;
			files = (
			);
			runOnlyForDeploymentPostprocessing = 0;
		};
		CE1ED1C4295733CE005ABC18 /* Frameworks */ = {
			isa = PBXFrameworksBuildPhase;
			buildActionMask = 2147483647;
			files = (
			);
			runOnlyForDeploymentPostprocessing = 0;
		};
		CE1ED1CE295733CE005ABC18 /* Frameworks */ = {
			isa = PBXFrameworksBuildPhase;
			buildActionMask = 2147483647;
			files = (
			);
			runOnlyForDeploymentPostprocessing = 0;
		};
/* End PBXFrameworksBuildPhase section */

/* Begin PBXGroup section */
		CE1ED1A8295733CD005ABC18 = {
			isa = PBXGroup;
			children = (
				CE1ED1B3295733CD005ABC18 /* NewApp */,
				CE1ED1CA295733CE005ABC18 /* NewAppTests */,
				CE1ED1D4295733CE005ABC18 /* NewAppUITests */,
				CE1ED1B2295733CD005ABC18 /* Products */,
			);
			sourceTree = "<group>";
		};
		CE1ED1B2295733CD005ABC18 /* Products */ = {
			isa = PBXGroup;
			children = (
				CE1ED1B1295733CD005ABC18 /* NewApp.app */,
				CE1ED1C7295733CE005ABC18 /* NewAppTests.xctest */,
				CE1ED1D1295733CE005ABC18 /* NewAppUITests.xctest */,
			);
			name = Products;
			sourceTree = "<group>";
		};
		CE1ED1B3295733CD005ABC18 /* NewApp */ = {
			isa = PBXGroup;
			children = (
				CE1ED1B4295733CD005ABC18 /* AppDelegate.swift */,
				CE1ED1B6295733CD005ABC18 /* SceneDelegate.swift */,
				CE1ED1B8295733CD005ABC18 /* ViewController.swift */,
				CE1ED1BA295733CD005ABC18 /* Main.storyboard */,
				CE1ED1BD295733CD005ABC18 /* Assets.xcassets */,
				CE1ED1BF295733CD005ABC18 /* LaunchScreen.storyboard */,
				CE1ED1C2295733CD005ABC18 /* Info.plist */,
			);
			path = NewApp;
			sourceTree = "<group>";
		};
		CE1ED1CA295733CE005ABC18 /* NewAppTests */ = {
			isa = PBXGroup;
			children = (
				CE1ED1CB295733CE005ABC18 /* NewAppTests.swift */,
			);
			path = NewAppTests;
			sourceTree = "<group>";
		};
		CE1ED1D4295733CE005ABC18 /* NewAppUITests */ = {
			isa = PBXGroup;
			children = (
				CE1ED1D5295733CE005ABC18 /* NewAppUITests.swift */,
				CE1ED1D7295733CE005ABC18 /* NewAppUITestsLaunchTests.swift */,
			);
			path = NewAppUITests;
			sourceTree = "<group>";
		};
/* End PBXGroup section */

/* Begin PBXNativeTarget section */
		CE1ED1B0295733CD005ABC18 /* NewApp */ = {
			isa = PBXNativeTarget;
			buildConfigurationList = CE1ED1DB295733CE005ABC18 /* Build configuration list for PBXNativeTarget "NewApp" */;
			buildPhases = (
				CE1ED1AD295733CD005ABC18 /* Sources */,
				CE1ED1AE295733CD005ABC18 /* Frameworks */,
				CE1ED1AF295733CD005ABC18 /* Resources */,
			);
			buildRules = (
			);
			dependencies = (
			);
			name = NewApp;
			productName = NewApp;
			productReference = CE1ED1B1295733CD005ABC18 /* NewApp.app */;
			productType = "com.apple.product-type.application";
		};
		CE1ED1C6295733CE005ABC18 /* NewAppTests */ = {
			isa = PBXNativeTarget;
			buildConfigurationList = CE1ED1DE295733CE005ABC18 /* Build configuration list for PBXNativeTarget "NewAppTests" */;
			buildPhases = (
				CE1ED1C3295733CE005ABC18 /* Sources */,
				CE1ED1C4295733CE005ABC18 /* Frameworks */,
				CE1ED1C5295733CE005ABC18 /* Resources */,
			);
			buildRules = (
			);
			dependencies = (
				CE1ED1C9295733CE005ABC18 /* PBXTargetDependency */,
			);
			name = NewAppTests;
			productName = NewAppTests;
			productReference = CE1ED1C7295733CE005ABC18 /* NewAppTests.xctest */;
			productType = "com.apple.product-type.bundle.unit-test";
		};
		CE1ED1D0295733CE005ABC18 /* NewAppUITests */ = {
			isa = PBXNativeTarget;
			buildConfigurationList = CE1ED1E1295733CE005ABC18 /* Build configuration list for PBXNativeTarget "NewAppUITests" */;
			buildPhases = (
				CE1ED1CD295733CE005ABC18 /* Sources */,
				CE1ED1CE295733CE005ABC18 /* Frameworks */,
				CE1ED1CF295733CE005ABC18 /* Resources */,
			);
			buildRules = (
			);
			dependencies = (
				CE1ED1D3295733CE005ABC18 /* PBXTargetDependency */,
			);
			name = NewAppUITests;
			productName = NewAppUITests;
			productReference = CE1ED1D1295733CE005ABC18 /* NewAppUITests.xctest */;
			productType = "com.apple.product-type.bundle.ui-testing";
		};
/* End PBXNativeTarget section */

/* Begin PBXProject section */
		CE1ED1A9295733CD005ABC18 /* Project object */ = {
			isa = PBXProject;
			attributes = {
				BuildIndependentTargetsInParallel = 1;
				LastSwiftUpdateCheck = 1420;
				LastUpgradeCheck = 1420;
				TargetAttributes = {
					CE1ED1B0295733CD005ABC18 = {
						CreatedOnToolsVersion = 14.2;
					};
					CE1ED1C6295733CE005ABC18 = {
						CreatedOnToolsVersion = 14.2;
						TestTargetID = CE1ED1B0295733CD005ABC18;
					};
					CE1ED1D0295733CE005ABC18 = {
						CreatedOnToolsVersion = 14.2;
						TestTargetID = CE1ED1B0295733CD005ABC18;
					};
				};
			};
			buildConfigurationList = CE1ED1AC295733CD005ABC18 /* Build configuration list for PBXProject "NewApp" */;
			compatibilityVersion = "Xcode 14.0";
			developmentRegion = en;
			hasScannedForEncodings = 0;
			knownRegions = (
				en,
				Base,
			);
			mainGroup = CE1ED1A8295733CD005ABC18;
			productRefGroup = CE1ED1B2295733CD005ABC18 /* Products */;
			projectDirPath = "";
			projectRoot = "";
			targets = (
				CE1ED1B0295733CD005ABC18 /* NewApp */,
				CE1ED1C6295733CE005ABC18 /* NewAppTests */,
				CE1ED1D0295733CE005ABC18 /* NewAppUITests */,
			);
		};
/* End PBXProject section */

/* Begin PBXResourcesBuildPhase section */
		CE1ED1AF295733CD005ABC18 /* Resources */ = {
			isa = PBXResourcesBuildPhase;
			buildActionMask = 2147483647;
			files = (
				CE1ED1C1295733CD005ABC18 /* LaunchScreen.storyboard in Resources */,
				CE1ED1BE295733CD005ABC18 /* Assets.xcassets in Resources */,
				CE1ED1BC295733CD005ABC18 /* Main.storyboard in Resources */,
			);
			runOnlyForDeploymentPostprocessing = 0;
		};
		CE1ED1C5295733CE005ABC18 /* Resources */ = {
			isa = PBXResourcesBuildPhase;
			buildActionMask = 2147483647;
			files = (
			);
			runOnlyForDeploymentPostprocessing = 0;
		};
		CE1ED1CF295733CE005ABC18 /* Resources */ = {
			isa = PBXResourcesBuildPhase;
			buildActionMask = 2147483647;
			files = (
			);
			runOnlyForDeploymentPostprocessing = 0;
		};
/* End PBXResourcesBuildPhase section */

/* Begin PBXSourcesBuildPhase section */
		CE1ED1AD295733CD005ABC18 /* Sources */ = {
			isa = PBXSourcesBuildPhase;
			buildActionMask = 2147483647;
			files = (
				CE1ED1B9295733CD005ABC18 /* ViewController.swift in Sources */,
				CE1ED1B5295733CD005ABC18 /* AppDelegate.swift in Sources */,
				CE1ED1B7295733CD005ABC18 /* SceneDelegate.swift in Sources */,
			);
			runOnlyForDeploymentPostprocessing = 0;
		};
		CE1ED1C3295733CE005ABC18 /* Sources */ = {
			isa = PBXSourcesBuildPhase;
			buildActionMask = 2147483647;
			files = (
				CE1ED1CC295733CE005ABC18 /* NewAppTests.swift in Sources */,
			);
			runOnlyForDeploymentPostprocessing = 0;
		};
		CE1ED1CD295733CE005ABC18 /* Sources */ = {
			isa = PBXSourcesBuildPhase;
			buildActionMask = 2147483647;
			files = (
				CE1ED1D6295733CE005ABC18 /* NewAppUITests.swift in Sources */,
				CE1ED1D8295733CE005ABC18 /* NewAppUITestsLaunchTests.swift in Sources */,
			);
			runOnlyForDeploymentPostprocessing = 0;
		};
/* End PBXSourcesBuildPhase section */

/* Begin PBXTargetDependency section */
		CE1ED1C9295733CE005ABC18 /* PBXTargetDependency */ = {
			isa = PBXTargetDependency;
			target = CE1ED1B0295733CD005ABC18 /* NewApp */;
			targetProxy = CE1ED1C8295733CE005ABC18 /* PBXContainerItemProxy */;
		};
		CE1ED1D3295733CE005ABC18 /* PBXTargetDependency */ = {
			isa = PBXTargetDependency;
			target = CE1ED1B0295733CD005ABC18 /* NewApp */;
			targetProxy = CE1ED1D2295733CE005ABC18 /* PBXContainerItemProxy */;
		};
/* End PBXTargetDependency section */

/* Begin PBXVariantGroup section */
		CE1ED1BA295733CD005ABC18 /* Main.storyboard */ = {
			isa = PBXVariantGroup;
			children = (
				CE1ED1BB295733CD005ABC18 /* Base */,
			);
			name = Main.storyboard;
			sourceTree = "<group>";
		};
		CE1ED1BF295733CD005ABC18 /* LaunchScreen.storyboard */ = {
			isa = PBXVariantGroup;
			children = (
				CE1ED1C0295733CD005ABC18 /* Base */,
			);
			name = LaunchScreen.storyboard;
			sourceTree = "<group>";
		};
/* End PBXVariantGroup section */

/* Begin XCBuildConfiguration section */
		CE1ED1D9295733CE005ABC18 /* Debug */ = {
			isa = XCBuildConfiguration;
			buildSettings = {
				ALWAYS_SEARCH_USER_PATHS = NO;
				CLANG_ANALYZER_NONNULL = YES;
				CLANG_ANALYZER_NUMBER_OBJECT_CONVERSION = YES_AGGRESSIVE;
				CLANG_CXX_LANGUAGE_STANDARD = "gnu++20";
				CLANG_ENABLE_MODULES = YES;
				CLANG_ENABLE_OBJC_ARC = YES;
				CLANG_ENABLE_OBJC_WEAK = YES;
				CLANG_WARN_BLOCK_CAPTURE_AUTORELEASING = YES;
				CLANG_WARN_BOOL_CONVERSION = YES;
				CLANG_WARN_COMMA = YES;
				CLANG_WARN_CONSTANT_CONVERSION = YES;
				CLANG_WARN_DEPRECATED_OBJC_IMPLEMENTATIONS = YES;
				CLANG_WARN_DIRECT_OBJC_ISA_USAGE = YES_ERROR;
				CLANG_WARN_DOCUMENTATION_COMMENTS = YES;
				CLANG_WARN_EMPTY_BODY = YES;
				CLANG_WARN_ENUM_CONVERSION = YES;
				CLANG_WARN_INFINITE_RECURSION = YES;
				CLANG_WARN_INT_CONVERSION = YES;
				CLANG_WARN_NON_LITERAL_NULL_CONVERSION = YES;
				CLANG_WARN_OBJC_IMPLICIT_RETAIN_SELF = YES;
				CLANG_WARN_OBJC_LITERAL_CONVERSION = YES;
				CLANG_WARN_OBJC_ROOT_CLASS = YES_ERROR;
				CLANG_WARN_QUOTED_INCLUDE_IN_FRAMEWORK_HEADER = YES;
				CLANG_WARN_RANGE_LOOP_ANALYSIS = YES;
				CLANG_WARN_STRICT_PROTOTYPES = YES;
				CLANG_WARN_SUSPICIOUS_MOVE = YES;
				CLANG_WARN_UNGUARDED_AVAILABILITY = YES_AGGRESSIVE;
				CLANG_WARN_UNREACHABLE_CODE = YES;
				CLANG_WARN__DUPLICATE_METHOD_MATCH = YES;
				COPY_PHASE_STRIP = NO;
				DEBUG_INFORMATION_FORMAT = dwarf;
				ENABLE_STRICT_OBJC_MSGSEND = YES;
				ENABLE_TESTABILITY = YES;
				GCC_C_LANGUAGE_STANDARD = gnu11;
				GCC_DYNAMIC_NO_PIC = NO;
				GCC_NO_COMMON_BLOCKS = YES;
				GCC_OPTIMIZATION_LEVEL = 0;
				GCC_PREPROCESSOR_DEFINITIONS = (
					"DEBUG=1",
					"$(inherited)",
				);
				GCC_WARN_64_TO_32_BIT_CONVERSION = YES;
				GCC_WARN_ABOUT_RETURN_TYPE = YES_ERROR;
				GCC_WARN_UNDECLARED_SELECTOR = YES;
				GCC_WARN_UNINITIALIZED_AUTOS = YES_AGGRESSIVE;
				GCC_WARN_UNUSED_FUNCTION = YES;
				GCC_WARN_UNUSED_VARIABLE = YES;
				IPHONEOS_DEPLOYMENT_TARGET = 16.2;
				MTL_ENABLE_DEBUG_INFO = INCLUDE_SOURCE;
				MTL_FAST_MATH = YES;
				ONLY_ACTIVE_ARCH = YES;
				SDKROOT = iphoneos;
				SWIFT_ACTIVE_COMPILATION_CONDITIONS = DEBUG;
				SWIFT_OPTIMIZATION_LEVEL = "-Onone";
			};
			name = Debug;
		};
		CE1ED1DA295733CE005ABC18 /* Release */ = {
			isa = XCBuildConfiguration;
			buildSettings = {
				ALWAYS_SEARCH_USER_PATHS = NO;
				CLANG_ANALYZER_NONNULL = YES;
				CLANG_ANALYZER_NUMBER_OBJECT_CONVERSION = YES_AGGRESSIVE;
				CLANG_CXX_LANGUAGE_STANDARD = "gnu++20";
				CLANG_ENABLE_MODULES = YES;
				CLANG_ENABLE_OBJC_ARC = YES;
				CLANG_ENABLE_OBJC_WEAK = YES;
				CLANG_WARN_BLOCK_CAPTURE_AUTORELEASING = YES;
				CLANG_WARN_BOOL_CONVERSION = YES;
				CLANG_WARN_COMMA = YES;
				CLANG_WARN_CONSTANT_CONVERSION = YES;
				CLANG_WARN_DEPRECATED_OBJC_IMPLEMENTATIONS = YES;
				CLANG_WARN_DIRECT_OBJC_ISA_USAGE = YES_ERROR;
				CLANG_WARN_DOCUMENTATION_COMMENTS = YES;
				CLANG_WARN_EMPTY_BODY = YES;
				CLANG_WARN_ENUM_CONVERSION = YES;
				CLANG_WARN_INFINITE_RECURSION = YES;
				CLANG_WARN_INT_CONVERSION = YES;
				CLANG_WARN_NON_LITERAL_NULL_CONVERSION = YES;
				CLANG_WARN_OBJC_IMPLICIT_RETAIN_SELF = YES;
				CLANG_WARN_OBJC_LITERAL_CONVERSION = YES;
				CLANG_WARN_OBJC_ROOT_CLASS = YES_ERROR;
				CLANG_WARN_QUOTED_INCLUDE_IN_FRAMEWORK_HEADER = YES;
				CLANG_WARN_RANGE_LOOP_ANALYSIS = YES;
				CLANG_WARN_STRICT_PROTOTYPES = YES;
				CLANG_WARN_SUSPICIOUS_MOVE = YES;
				CLANG_WARN_UNGUARDED_AVAILABILITY = YES_AGGRESSIVE;
				CLANG_WARN_UNREACHABLE_CODE = YES;
				CLANG_WARN__DUPLICATE_METHOD_MATCH = YES;
				COPY_PHASE_STRIP = NO;
				DEBUG_INFORMATION_FORMAT = "dwarf-with-dsym";
				ENABLE_NS_ASSERTIONS = NO;
				ENABLE_STRICT_OBJC_MSGSEND = YES;
				GCC_C_LANGUAGE_STANDARD = gnu11;
				GCC_NO_COMMON_BLOCKS = YES;
				GCC_WARN_64_TO_32_BIT_CONVERSION = YES;
				GCC_WARN_ABOUT_RETURN_TYPE = YES_ERROR;
				GCC_WARN_UNDECLARED_SELECTOR = YES;
				GCC_WARN_UNINITIALIZED_AUTOS = YES_AGGRESSIVE;
				GCC_WARN_UNUSED_FUNCTION = YES;
				GCC_WARN_UNUSED_VARIABLE = YES;
				IPHONEOS_DEPLOYMENT_TARGET = 16.2;
				MTL_ENABLE_DEBUG_INFO = NO;
				MTL_FAST_MATH = YES;
				SDKROOT = iphoneos;
				SWIFT_COMPILATION_MODE = wholemodule;
				SWIFT_OPTIMIZATION_LEVEL = "-O";
				VALIDATE_PRODUCT = YES;
			};
			name = Release;
		};
		CE1ED1DC295733CE005ABC18 /* Debug */ = {
			isa = XCBuildConfiguration;
			buildSettings = {
				ASSETCATALOG_COMPILER_APPICON_NAME = AppIcon;
				ASSETCATALOG_COMPILER_GLOBAL_ACCENT_COLOR_NAME = AccentColor;
				CODE_SIGN_STYLE = Automatic;
				CURRENT_PROJECT_VERSION = 1;
				GENERATE_INFOPLIST_FILE = YES;
				INFOPLIST_FILE = NewApp/Info.plist;
				INFOPLIST_KEY_UIApplicationSupportsIndirectInputEvents = YES;
				INFOPLIST_KEY_UILaunchStoryboardName = LaunchScreen;
				INFOPLIST_KEY_UIMainStoryboardFile = Main;
				INFOPLIST_KEY_UISupportedInterfaceOrientations_iPad = "UIInterfaceOrientationPortrait UIInterfaceOrientationPortraitUpsideDown UIInterfaceOrientationLandscapeLeft UIInterfaceOrientationLandscapeRight";
				INFOPLIST_KEY_UISupportedInterfaceOrientations_iPhone = "UIInterfaceOrientationPortrait UIInterfaceOrientationLandscapeLeft UIInterfaceOrientationLandscapeRight";
				LD_RUNPATH_SEARCH_PATHS = (
					"$(inherited)",
					"@executable_path/Frameworks",
				);
				MARKETING_VERSION = 1.0;
				PRODUCT_BUNDLE_IDENTIFIER = "-.NewApp";
				PRODUCT_NAME = "$(TARGET_NAME)";
				SWIFT_EMIT_LOC_STRINGS = YES;
				SWIFT_VERSION = 5.0;
				TARGETED_DEVICE_FAMILY = "1,2";
			};
			name = Debug;
		};
		CE1ED1DD295733CE005ABC18 /* Release */ = {
			isa = XCBuildConfiguration;
			buildSettings = {
				ASSETCATALOG_COMPILER_APPICON_NAME = AppIcon;
				ASSETCATALOG_COMPILER_GLOBAL_ACCENT_COLOR_NAME = AccentColor;
				CODE_SIGN_STYLE = Automatic;
				CURRENT_PROJECT_VERSION = 1;
				GENERATE_INFOPLIST_FILE = YES;
				INFOPLIST_FILE = NewApp/Info.plist;
				INFOPLIST_KEY_UIApplicationSupportsIndirectInputEvents = YES;
				INFOPLIST_KEY_UILaunchStoryboardName = LaunchScreen;
				INFOPLIST_KEY_UIMainStoryboardFile = Main;
				INFOPLIST_KEY_UISupportedInterfaceOrientations_iPad = "UIInterfaceOrientationPortrait UIInterfaceOrientationPortraitUpsideDown UIInterfaceOrientationLandscapeLeft UIInterfaceOrientationLandscapeRight";
				INFOPLIST_KEY_UISupportedInterfaceOrientations_iPhone = "UIInterfaceOrientationPortrait UIInterfaceOrientationLandscapeLeft UIInterfaceOrientationLandscapeRight";
				LD_RUNPATH_SEARCH_PATHS = (
					"$(inherited)",
					"@executable_path/Frameworks",
				);
				MARKETING_VERSION = 1.0;
				PRODUCT_BUNDLE_IDENTIFIER = "-.NewApp";
				PRODUCT_NAME = "$(TARGET_NAME)";
				SWIFT_EMIT_LOC_STRINGS = YES;
				SWIFT_VERSION = 5.0;
				TARGETED_DEVICE_FAMILY = "1,2";
			};
			name = Release;
		};
		CE1ED1DF295733CE005ABC18 /* Debug */ = {
			isa = XCBuildConfiguration;
			buildSettings = {
				ALWAYS_EMBED_SWIFT_STANDARD_LIBRARIES = YES;
				BUNDLE_LOADER = "$(TEST_HOST)";
				CODE_SIGN_STYLE = Automatic;
				CURRENT_PROJECT_VERSION = 1;
				GENERATE_INFOPLIST_FILE = YES;
				IPHONEOS_DEPLOYMENT_TARGET = 16.2;
				MARKETING_VERSION = 1.0;
				PRODUCT_BUNDLE_IDENTIFIER = "-.NewAppTests";
				PRODUCT_NAME = "$(TARGET_NAME)";
				SWIFT_EMIT_LOC_STRINGS = NO;
				SWIFT_VERSION = 5.0;
				TARGETED_DEVICE_FAMILY = "1,2";
				TEST_HOST = "$(BUILT_PRODUCTS_DIR)/NewApp.app/$(BUNDLE_EXECUTABLE_FOLDER_PATH)/NewApp";
			};
			name = Debug;
		};
		CE1ED1E0295733CE005ABC18 /* Release */ = {
			isa = XCBuildConfiguration;
			buildSettings = {
				ALWAYS_EMBED_SWIFT_STANDARD_LIBRARIES = YES;
				BUNDLE_LOADER = "$(TEST_HOST)";
				CODE_SIGN_STYLE = Automatic;
				CURRENT_PROJECT_VERSION = 1;
				GENERATE_INFOPLIST_FILE = YES;
				IPHONEOS_DEPLOYMENT_TARGET = 16.2;
				MARKETING_VERSION = 1.0;
				PRODUCT_BUNDLE_IDENTIFIER = "-.NewAppTests";
				PRODUCT_NAME = "$(TARGET_NAME)";
				SWIFT_EMIT_LOC_STRINGS = NO;
				SWIFT_VERSION = 5.0;
				TARGETED_DEVICE_FAMILY = "1,2";
				TEST_HOST = "$(BUILT_PRODUCTS_DIR)/NewApp.app/$(BUNDLE_EXECUTABLE_FOLDER_PATH)/NewApp";
			};
			name = Release;
		};
		CE1ED1E2295733CE005ABC18 /* Debug */ = {
			isa = XCBuildConfiguration;
			buildSettings = {
				ALWAYS_EMBED_SWIFT_STANDARD_LIBRARIES = YES;
				CODE_SIGN_STYLE = Automatic;
				CURRENT_PROJECT_VERSION = 1;
				GENERATE_INFOPLIST_FILE = YES;
				MARKETING_VERSION = 1.0;
				PRODUCT_BUNDLE_IDENTIFIER = "-.NewAppUITests";
				PRODUCT_NAME = "$(TARGET_NAME)";
				SWIFT_EMIT_LOC_STRINGS = NO;
				SWIFT_VERSION = 5.0;
				TARGETED_DEVICE_FAMILY = "1,2";
				TEST_TARGET_NAME = NewApp;
			};
			name = Debug;
		};
		CE1ED1E3295733CE005ABC18 /* Release */ = {
			isa = XCBuildConfiguration;
			buildSettings = {
				ALWAYS_EMBED_SWIFT_STANDARD_LIBRARIES = YES;
				CODE_SIGN_STYLE = Automatic;
				CURRENT_PROJECT_VERSION = 1;
				GENERATE_INFOPLIST_FILE = YES;
				MARKETING_VERSION = 1.0;
				PRODUCT_BUNDLE_IDENTIFIER = "-.NewAppUITests";
				PRODUCT_NAME = "$(TARGET_NAME)";
				SWIFT_EMIT_LOC_STRINGS = NO;
				SWIFT_VERSION = 5.0;
				TARGETED_DEVICE_FAMILY = "1,2";
				TEST_TARGET_NAME = NewApp;
			};
			name = Release;
		};
/* End XCBuildConfiguration section */

/* Begin XCConfigurationList section */
		CE1ED1AC295733CD005ABC18 /* Build configuration list for PBXProject "NewApp" */ = {
			isa = XCConfigurationList;
			buildConfigurations = (
				CE1ED1D9295733CE005ABC18 /* Debug */,
				CE1ED1DA295733CE005ABC18 /* Release */,
			);
			defaultConfigurationIsVisible = 0;
			defaultConfigurationName = Release;
		};
		CE1ED1DB295733CE005ABC18 /* Build configuration list for PBXNativeTarget "NewApp" */ = {
			isa = XCConfigurationList;
			buildConfigurations = (
				CE1ED1DC295733CE005ABC18 /* Debug */,
				CE1ED1DD295733CE005ABC18 /* Release */,
			);
			defaultConfigurationIsVisible = 0;
			defaultConfigurationName = Release;
		};
		CE1ED1DE295733CE005ABC18 /* Build configuration list for PBXNativeTarget "NewAppTests" */ = {
			isa = XCConfigurationList;
			buildConfigurations = (
				CE1ED1DF295733CE005ABC18 /* Debug */,
				CE1ED1E0295733CE005ABC18 /* Release */,
			);
			defaultConfigurationIsVisible = 0;
			defaultConfigurationName = Release;
		};
		CE1ED1E1295733CE005ABC18 /* Build configuration list for PBXNativeTarget "NewAppUITests" */ = {
			isa = XCConfigurationList;
			buildConfigurations = (
				CE1ED1E2295733CE005ABC18 /* Debug */,
				CE1ED1E3295733CE005ABC18 /* Release */,
			);
			defaultConfigurationIsVisible = 0;
			defaultConfigurationName = Release;
		};
/* End XCConfigurationList section */
	};
	rootObject = CE1ED1A9295733CD005ABC18 /* Project object */;
}
